// !$*UTF8*$!
{
	archiveVersion = 1;
	classes = {
	};
	objectVersion = 46;
	objects = {

/* Begin PBXGroup section */
		E05508F41C17FE8E0077B0C9 = {
			isa = PBXGroup;
			children = (
			);
			sourceTree = "<group>";
		};
/* End PBXGroup section */

/* Begin PBXProject section */
		E05508F51C17FE8E0077B0C9 /* Project object */ = {
			isa = PBXProject;
			attributes = {
				LastUpgradeCheck = 0710;
			};
			buildConfigurationList = E05508F81C17FE8E0077B0C9 /* Build configuration list for PBXProject "EJERCICIO2" */;
			compatibilityVersion = "Xcode 3.2";
			developmentRegion = English;
			hasScannedForEncodings = 0;
			knownRegions = (
				en,
			);
			mainGroup = E05508F41C17FE8E0077B0C9;
			projectDirPath = "";
			projectRoot = "";
			targets = (
			);
		};
/* End PBXProject section */

/* Begin XCBuildConfiguration section */
		E05508F91C17FE8E0077B0C9 /* Debug */ = {
			isa = XCBuildConfiguration;
			buildSettings = {
			};
			name = Debug;
		};
		E05508FA1C17FE8E0077B0C9 /* Release */ = {
			isa = XCBuildConfiguration;
			buildSettings = {
			};
			name = Release;
		};
/* End XCBuildConfiguration section */

/* Begin XCConfigurationList section */
		E05508F81C17FE8E0077B0C9 /* Build configuration list for PBXProject "EJERCICIO2" */ = {
			isa = XCConfigurationList;
			buildConfigurations = (
				E05508F91C17FE8E0077B0C9 /* Debug */,
				E05508FA1C17FE8E0077B0C9 /* Release */,
			);
			defaultConfigurationIsVisible = 0;
			defaultConfigurationName = Release;
		};
/* End XCConfigurationList section */
	};
	rootObject = E05508F51C17FE8E0077B0C9 /* Project object */;
}
